
Microsoft Visual Studio Solution File, Format Version 12.00
# Visual Studio Version 17
VisualStudioVersion = 17.8.34525.116
MinimumVisualStudioVersion = 10.0.40219.1
Project("{FAE04EC0-301F-11D3-BF4B-00C04F79EFBC}") = "Workaround", "Workaround\Workaround.csproj", "{9BE0EF29-E8C9-4AB3-AE51-651CE10DDB40}"
EndProject
Global
	GlobalSection(SolutionConfigurationPlatforms) = preSolution
		Debug|Any CPU = Debug|Any CPU
		Release|Any CPU = Release|Any CPU
	EndGlobalSection
	GlobalSection(ProjectConfigurationPlatforms) = postSolution
		{9BE0EF29-E8C9-4AB3-AE51-651CE10DDB40}.Debug|Any CPU.ActiveCfg = Debug|Any CPU
		{9BE0EF29-E8C9-4AB3-AE51-651CE10DDB40}.Debug|Any CPU.Build.0 = Debug|Any CPU
		{9BE0EF29-E8C9-4AB3-AE51-651CE10DDB40}.Release|Any CPU.ActiveCfg = Release|Any CPU
		{9BE0EF29-E8C9-4AB3-AE51-651CE10DDB40}.Release|Any CPU.Build.0 = Release|Any CPU
	EndGlobalSection
	GlobalSection(SolutionProperties) = preSolution
		HideSolutionNode = FALSE
	EndGlobalSection
	GlobalSection(ExtensibilityGlobals) = postSolution
		SolutionGuid = {F9D0703C-DA4E-4AC3-A7DA-A0AAB3A3D8D1}
	EndGlobalSection
EndGlobal
